
Microsoft Visual Studio Solution File, Format Version 12.00
# Visual Studio 15
VisualStudioVersion = 15.0.27428.2002
MinimumVisualStudioVersion = 10.0.40219.1
Project("{8BC9CEB8-8B4A-11D0-8D11-00A0C91BC942}") = "SKY", "SKY\SKY.vcxproj", "{B1D5474F-B1C2-453B-96C8-1C25D62B13BA}"
EndProject
Global
	GlobalSection(SolutionConfigurationPlatforms) = preSolution
		Debug|Win32 = Debug|Win32
		Release|Win32 = Release|Win32
		Release-Whitetiger|Win32 = Release-Whitetiger|Win32
	EndGlobalSection
	GlobalSection(ProjectConfigurationPlatforms) = postSolution
		{B1D5474F-B1C2-453B-96C8-1C25D62B13BA}.Debug|Win32.ActiveCfg = Debug|Win32
		{B1D5474F-B1C2-453B-96C8-1C25D62B13BA}.Debug|Win32.Build.0 = Debug|Win32
		{B1D5474F-B1C2-453B-96C8-1C25D62B13BA}.Release|Win32.ActiveCfg = Release|Win32
		{B1D5474F-B1C2-453B-96C8-1C25D62B13BA}.Release|Win32.Build.0 = Release|Win32
		{B1D5474F-B1C2-453B-96C8-1C25D62B13BA}.Release-Whitetiger|Win32.ActiveCfg = Release-Whitetiger|Win32
		{B1D5474F-B1C2-453B-96C8-1C25D62B13BA}.Release-Whitetiger|Win32.Build.0 = Release-Whitetiger|Win32
	EndGlobalSection
	GlobalSection(SolutionProperties) = preSolution
		HideSolutionNode = FALSE
	EndGlobalSection
	GlobalSection(ExtensibilityGlobals) = postSolution
		SolutionGuid = {45828153-E190-4A32-B8A8-71B037A40D44}
	EndGlobalSection
EndGlobal
