<?xml version="1.0" encoding="utf-8"?>
<Project ToolsVersion="4.0" xmlns="http://schemas.microsoft.com/developer/msbuild/2003">
  <ItemGroup>
    <Filter Include="Source Files">
      <UniqueIdentifier>{4FC737F1-C7A5-4376-A066-2A32D752A2FF}</UniqueIdentifier>
      <Extensions>cpp;c;cc;cxx;def;odl;idl;hpj;bat;asm;asmx</Extensions>
    </Filter>
    <Filter Include="Header Files">
      <UniqueIdentifier>{93995380-89BD-4b04-88EB-625FBE52EBFB}</UniqueIdentifier>
      <Extensions>h;hh;hpp;hxx;hm;inl;inc;xsd</Extensions>
    </Filter>
    <Filter Include="Resource Files">
      <UniqueIdentifier>{67DA6AB6-F800-4c08-8B7A-83BB121AAD01}</UniqueIdentifier>
      <Extensions>rc;ico;cur;bmp;dlg;rc2;rct;bin;rgs;gif;jpg;jpeg;jpe;resx;tiff;tif;png;wav;mfcribbon-ms</Extensions>
    </Filter>
    <Filter Include="Header Files\SDK">
      <UniqueIdentifier>{e1eff572-976b-46a7-8ced-a7b08b6dd4ce}</UniqueIdentifier>
    </Filter>
    <Filter Include="Header Files\SDK\amx">
      <UniqueIdentifier>{666fdd8a-a4f8-4511-a21d-8358dd509b3a}</UniqueIdentifier>
    </Filter>
    <Filter Include="Header Files\subhook">
      <UniqueIdentifier>{8507ca4e-4a67-4cb3-8173-d9ab72b59f40}</UniqueIdentifier>
    </Filter>
    <Filter Include="Header Files\RakNet">
      <UniqueIdentifier>{7263fb1e-1e87-44f4-a0f4-f7287790cbfb}</UniqueIdentifier>
    </Filter>
  </ItemGroup>
  <ItemGroup>
    <ClCompile Include="..\src\Addresses.cpp">
      <Filter>Source Files</Filter>
    </ClCompile>
    <ClCompile Include="..\src\Functions.cpp">
      <Filter>Source Files</Filter>
    </ClCompile>
    <ClCompile Include="..\src\Hooks.cpp">
      <Filter>Source Files</Filter>
    </ClCompile>
    <ClCompile Include="..\src\main.cpp">
      <Filter>Source Files</Filter>
    </ClCompile>
    <ClCompile Include="..\src\RPCs.cpp">
      <Filter>Source Files</Filter>
    </ClCompile>
    <ClCompile Include="..\src\Scripting.cpp">
      <Filter>Source Files</Filter>
    </ClCompile>
    <ClCompile Include="..\src\Utils.cpp">
      <Filter>Source Files</Filter>
    </ClCompile>
    <ClCompile Include="..\src\amxfunctions.cpp">
      <Filter>Source Files</Filter>
    </ClCompile>
    <ClCompile Include="..\lib\subhook\subhook.c">
      <Filter>Source Files</Filter>
    </ClCompile>
    <ClCompile Include="..\lib\raknet\BitStream.cpp">
      <Filter>Source Files</Filter>
    </ClCompile>
    <ClCompile Include="..\lib\sdk\amxplugin.cpp">
      <Filter>Source Files</Filter>
    </ClCompile>
  </ItemGroup>
  <ItemGroup>
    <ClInclude Include="..\src\Utils.h">
      <Filter>Source Files</Filter>
    </ClInclude>
    <ClInclude Include="..\src\Addresses.h">
      <Filter>Header Files</Filter>
    </ClInclude>
    <ClInclude Include="..\src\CTypes.h">
      <Filter>Header Files</Filter>
    </ClInclude>
    <ClInclude Include="..\src\CVector.h">
      <Filter>Header Files</Filter>
    </ClInclude>
    <ClInclude Include="..\src\Functions.h">
      <Filter>Header Files</Filter>
    </ClInclude>
    <ClInclude Include="..\src\Hooks.h">
      <Filter>Header Files</Filter>
    </ClInclude>
    <ClInclude Include="..\src\main.h">
      <Filter>Header Files</Filter>
    </ClInclude>
    <ClInclude Include="..\src\RPCs.h">
      <Filter>Header Files</Filter>
    </ClInclude>
    <ClInclude Include="..\src\Scripting.h">
      <Filter>Header Files</Filter>
    </ClInclude>
    <ClInclude Include="..\src\Structs.h">
      <Filter>Header Files</Filter>
    </ClInclude>
    <ClInclude Include="..\src\amxfunctions.h">
      <Filter>Source Files</Filter>
    </ClInclude>
    <ClInclude Include="..\lib\sdk\plugin.h">
      <Filter>Header Files\SDK</Filter>
    </ClInclude>
    <ClInclude Include="..\lib\sdk\plugincommon.h">
      <Filter>Header Files\SDK</Filter>
    </ClInclude>
    <ClInclude Include="..\lib\sdk\amx\amx.h">
      <Filter>Header Files\SDK\amx</Filter>
    </ClInclude>
    <ClInclude Include="..\lib\sdk\amx\getch.h">
      <Filter>Header Files\SDK\amx</Filter>
    </ClInclude>
    <ClInclude Include="..\lib\sdk\amx\sclinux.h">
      <Filter>Header Files\SDK\amx</Filter>
    </ClInclude>
    <ClInclude Include="..\lib\subhook\subhook.h">
      <Filter>Header Files\subhook</Filter>
    </ClInclude>
    <ClInclude Include="..\lib\raknet\BitStream.h">
      <Filter>Header Files\RakNet</Filter>
    </ClInclude>
    <ClInclude Include="CVector2D.h">
      <Filter>Header Files</Filter>
    </ClInclude>
    <ClInclude Include="..\lib\raknet\NetworkTypes.h">
      <Filter>Header Files\RakNet</Filter>
    </ClInclude>
    <ClInclude Include="..\src\types.h">
      <Filter>Header Files</Filter>
    </ClInclude>
    <ClInclude Include="..\src\net.h">
      <Filter>Header Files</Filter>
    </ClInclude>
  </ItemGroup>
</Project>